{
  "lockfileVersion": 1,
  "configVersion": 1,
  "workspaces": {
    "": {
      "name": "thai-id-card-agent",
      "dependencies": {
        "hono": "^4.7.0",
        "node-windows": "^1.0.0-beta.8",
        "pcsc-mini": "^0.1.3",
      },
      "devDependencies": {
        "@types/bun": "latest",
        "@types/node": "^20.14.0",
        "typescript": "^5.5.0",
      },
    },
  },
  "patchedDependencies": {
    "pcsc-mini@0.1.3": "patches/pcsc-mini@0.1.3.patch",
  },
  "packages": {
    "@pcsc-mini/linux-aarch64-gnu": ["@pcsc-mini/linux-aarch64-gnu@0.1.3", "", { "os": "linux", "cpu": "arm64" }, "sha512-e6YmBGpoWnjFm6zODaitapiAzUxyvwoZ4mFmqWxJ+0dGPYMssgUax1pZ/Fe+Np/O196BZKUsKBeS2475zoxLOg=="],

    "@pcsc-mini/linux-aarch64-musl": ["@pcsc-mini/linux-aarch64-musl@0.1.3", "", { "os": "linux", "cpu": "arm64" }, "sha512-9kA4I5SqU66L+NwfX949hGoKBpmeOU6pBkFQsHtbcxlIepb9Y2RlJQrictCl3yR6q6lTBQq8q3Fxx+FkRBntAA=="],

    "@pcsc-mini/linux-x86-gnu": ["@pcsc-mini/linux-x86-gnu@0.1.3", "", { "os": "linux", "cpu": "ia32" }, "sha512-v1biZWpK/SqV/q9GMJK3Z/uHQB7r6Qq+AiZyl05nnxUSmWkYvHu0QDcTILLvPROl9ob/ixf2vVLzo+E6FvJ+UQ=="],

    "@pcsc-mini/linux-x86-musl": ["@pcsc-mini/linux-x86-musl@0.1.3", "", { "os": "linux", "cpu": "ia32" }, "sha512-zJPGFiH/fE2FEfErVF4McDalI77JhnntdN42Tjw55C3tG7JtgZL+V977G4YBsdkaAD/DP5fbN5ra3RWKFChg2A=="],

    "@pcsc-mini/linux-x86_64-gnu": ["@pcsc-mini/linux-x86_64-gnu@0.1.3", "", { "os": "linux", "cpu": "x64" }, "sha512-TMuuoSO93iIqF8Fdus32jH/VFNYyrjZICEiOduDqxlGETybU+eP3DTtXm9eQxRpxjXRcugiSvSAzFuqY3JSbpg=="],

    "@pcsc-mini/linux-x86_64-musl": ["@pcsc-mini/linux-x86_64-musl@0.1.3", "", { "os": "linux", "cpu": "x64" }, "sha512-KBxPeqlZ3Zz8kw2DSdtpBkfYS3R85NzOBXKdjBiMePwg2V3S7EuC/EWBq2S4ti/NRpQ6D17HULl63fuUAGl+gw=="],

    "@pcsc-mini/macos-aarch64": ["@pcsc-mini/macos-aarch64@0.1.3", "", { "os": "darwin", "cpu": "arm64" }, "sha512-/lcLbbg8K4Lfh57TWxaw5pRsVyKWSUPZOZI3m9yfr+2hoVj4PLAGNiYcAS4Tu3x2cpQvNg1Qb1k5aLIudIIR1Q=="],

    "@pcsc-mini/macos-x86_64": ["@pcsc-mini/macos-x86_64@0.1.3", "", { "os": "darwin", "cpu": "x64" }, "sha512-KcCEevrC00PsEmgypqyr83eFcFy7Pdyn1FHUDhhx/5+SprDU1NlIufYHbeP7LqgCeofB24W3P3Lc+d10Yr4dIA=="],

    "@pcsc-mini/windows-aarch64-bun": ["@pcsc-mini/windows-aarch64-bun@0.1.3", "", { "os": "win32", "cpu": "arm64" }, "sha512-DdTjHNQo/oSEhSdyegdQr4zJUEgJiTmBHr+mtdcwgzdEc20AhhWnOHnR4pgR8II7Mc4KirF1hWwZHSTgHzSDWA=="],

    "@pcsc-mini/windows-aarch64-electron": ["@pcsc-mini/windows-aarch64-electron@0.1.3", "", { "os": "win32", "cpu": "arm64" }, "sha512-aCzUcoP+vbc1lGHFyIWV6POf1bP8RfV8WFUHweXJ5KRvNKFbnU2HChKM+to+xM6Stp7wh4DJkRJcFJ9dl4xHQg=="],

    "@pcsc-mini/windows-aarch64-node": ["@pcsc-mini/windows-aarch64-node@0.1.3", "", { "os": "win32", "cpu": "arm64" }, "sha512-rllYx8QqsOOeNIK0WLVlmVLMIpu8nTOtw8QzRGFdmqHlutqbwL2/j4TDF48AfdaYsuVb2PpmZiPQeHJnDHhvIw=="],

    "@pcsc-mini/windows-x86_64-bun": ["@pcsc-mini/windows-x86_64-bun@0.1.3", "", { "os": "win32", "cpu": "x64" }, "sha512-/qwi1p87j6pQh2nLM9M4nI0PdoHA3VjVRbXU9ZWKkSQU6NdJ+Rikih8L0af0KMX7raU6Dq/bBe1oxPfD8jXZIA=="],

    "@pcsc-mini/windows-x86_64-electron": ["@pcsc-mini/windows-x86_64-electron@0.1.3", "", { "os": "win32", "cpu": "x64" }, "sha512-pV2bjorcb1NtCPFOnrj2kC7ulMivhI0kY5pYb/qc13seTtXNfjKHCyktZMF9mMxjMgELheMP80T2eLnkCWhacA=="],

    "@pcsc-mini/windows-x86_64-node": ["@pcsc-mini/windows-x86_64-node@0.1.3", "", { "os": "win32", "cpu": "x64" }, "sha512-Yaw8QgtQhqWlYiY4XUh4NPVm6j5DkonYqXj5VoQW7z7tDJXd9yE3XCdKW02eOTBqTJa45nDyydxyBRfuWwyjsA=="],

    "@types/bun": ["@types/bun@1.3.14", "", { "dependencies": { "bun-types": "1.3.14" } }, "sha512-h1hFqFVcvAvD9j9K7ZW7vd82aSA+rTdznZa+5bwvCwqSB1jmmfLcbIWhOLx1/+boy/xmjgCs/OMUL8hRJSmnPw=="],

    "@types/node": ["@types/node@20.19.43", "", { "dependencies": { "undici-types": "~6.21.0" } }, "sha512-6oYBAi5ikg4Pl+kGsoYtawUMBT2zZMCvPNF7pVLnHZfd1zf38DRiWn/gT01RYCdUqkv7Fhr+C9ot4/tb+2sVvA=="],

    "ansi-regex": ["ansi-regex@5.0.1", "", {}, "sha512-quJQXlTSUGL2LH9SUXo8VwsY4soanhgo6LNSm84E1LBcE8s3O0wpdiRzyR9z/ZZJMlMWv37qOOb9pdJlMUEKFQ=="],

    "ansi-styles": ["ansi-styles@4.3.0", "", { "dependencies": { "color-convert": "^2.0.1" } }, "sha512-zbB9rCJAT1rbjiVDb2hqKFHNYLxgtk8NURxZ3IZwD3F6NtxbXZQCnnSi1Lkx+IDohdPlFp222wVALIheZJQSEg=="],

    "bun-types": ["bun-types@1.3.14", "", { "dependencies": { "@types/node": "*" } }, "sha512-4N0ig0fEomHt5R0KCFWjovxow98rIoRwKolrYdCcknNwMekCXRnWEUvgu5soYV8QXtVsrUD8B95MBOZGPvr6KQ=="],

    "cliui": ["cliui@8.0.1", "", { "dependencies": { "string-width": "^4.2.0", "strip-ansi": "^6.0.1", "wrap-ansi": "^7.0.0" } }, "sha512-BSeNnyus75C4//NQ9gQt1/csTXyo/8Sb+afLAkzAptFuMsod9HFokGNudZpi/oQV73hnVK+sR+5PVRMd+Dr7YQ=="],

    "color-convert": ["color-convert@2.0.1", "", { "dependencies": { "color-name": "~1.1.4" } }, "sha512-RRECPsj7iu/xb5oKYcsFHSppFNnsj/52OVTRKb4zP5onXwVF3zVmmToNcOfGC+CRDpfK/U584fMg38ZHCaElKQ=="],

    "color-name": ["color-name@1.1.4", "", {}, "sha512-dOy+3AuW3a2wNbZHIuMZpTcgjGuLU/uBL/ubcZF9OXbDo8ff4O8yVp5Bf0efS8uEoYo5q4Fx7dY9OgQGXgAsQA=="],

    "emoji-regex": ["emoji-regex@8.0.0", "", {}, "sha512-MSjYzcWNOA0ewAHpz0MxpYFvwg6yjy1NG3xteoqz644VCo/RPgnr1/GGt+ic3iJTzQ8Eu3TdM14SawnVUmGE6A=="],

    "escalade": ["escalade@3.2.0", "", {}, "sha512-WUj2qlxaQtO4g6Pq5c29GTcWGDyd8itL8zTlipgECz3JesAiiOKotd8JU6otB3PACgG6xkJUyVhboMS+bje/jA=="],

    "get-caller-file": ["get-caller-file@2.0.5", "", {}, "sha512-DyFP3BM/3YHTQOCUL/w0OZHR0lpKeGrxotcHWcqNEdnltqFwXVfhEBQ94eIo34AfQpo0rGki4cyIiftY06h2Fg=="],

    "hono": ["hono@4.12.26", "", {}, "sha512-uyZtpnYxM9CmQ7QsQknM4zN8EftNqhON1qYeIKM0Se67CCEe2c44xyGURwB0axX2fBDu1dqHrHAc1hmNT8ITkw=="],

    "is-fullwidth-code-point": ["is-fullwidth-code-point@3.0.0", "", {}, "sha512-zymm5+u+sCsSWyD9qNaejV3DFvhCKclKdizYaJUuHA83RLjb7nSuGnddCHGv0hk+KY7BMAlsWeK4Ueg6EV6XQg=="],

    "node-windows": ["node-windows@1.0.0-beta.8", "", { "dependencies": { "xml": "1.0.1", "yargs": "^17.5.1" } }, "sha512-uLekXnSeem3nW5escID224Fd0U/1VtvE796JpSpOY+c73Cslz/Qn2WUHRJyPQJEMrNGAy/FMRFjjhh4z1alZTA=="],

    "pcsc-mini": ["pcsc-mini@0.1.3", "", { "optionalDependencies": { "@pcsc-mini/linux-aarch64-gnu": "0.1.3", "@pcsc-mini/linux-aarch64-musl": "0.1.3", "@pcsc-mini/linux-x86-gnu": "0.1.3", "@pcsc-mini/linux-x86-musl": "0.1.3", "@pcsc-mini/linux-x86_64-gnu": "0.1.3", "@pcsc-mini/linux-x86_64-musl": "0.1.3", "@pcsc-mini/macos-aarch64": "0.1.3", "@pcsc-mini/macos-x86_64": "0.1.3", "@pcsc-mini/windows-aarch64-bun": "0.1.3", "@pcsc-mini/windows-aarch64-electron": "0.1.3", "@pcsc-mini/windows-aarch64-node": "0.1.3", "@pcsc-mini/windows-x86_64-bun": "0.1.3", "@pcsc-mini/windows-x86_64-electron": "0.1.3", "@pcsc-mini/windows-x86_64-node": "0.1.3" } }, "sha512-9PPIj0YbMxU0qFtp32Gq5jsAnLloOzMdFiiIjAgh07zGWOZv194IIVTulC354RDX5YNc14fwpkxS3oIS0iScWw=="],

    "require-directory": ["require-directory@2.1.1", "", {}, "sha512-fGxEI7+wsG9xrvdjsrlmL22OMTTiHRwAMroiEeMgq8gzoLC/PQr7RsRDSTLUg/bZAZtF+TVIkHc6/4RIKrui+Q=="],

    "string-width": ["string-width@4.2.3", "", { "dependencies": { "emoji-regex": "^8.0.0", "is-fullwidth-code-point": "^3.0.0", "strip-ansi": "^6.0.1" } }, "sha512-wKyQRQpjJ0sIp62ErSZdGsjMJWsap5oRNihHhu6G7JVO/9jIB6UyevL+tXuOqrng8j/cxKTWyWUwvSTriiZz/g=="],

    "strip-ansi": ["strip-ansi@6.0.1", "", { "dependencies": { "ansi-regex": "^5.0.1" } }, "sha512-Y38VPSHcqkFrCpFnQ9vuSXmquuv5oXOKpGeT6aGrr3o3Gc9AlVa6JBfUSOCnbxGGZF+/0ooI7KrPuUSztUdU5A=="],

    "typescript": ["typescript@5.9.3", "", { "bin": { "tsc": "bin/tsc", "tsserver": "bin/tsserver" } }, "sha512-jl1vZzPDinLr9eUt3J/t7V6FgNEw9QjvBPdysz9KfQDD41fQrC2Y4vKQdiaUpFT4bXlb1RHhLpp8wtm6M5TgSw=="],

    "undici-types": ["undici-types@6.21.0", "", {}, "sha512-iwDZqg0QAGrg9Rav5H4n0M64c3mkR59cJ6wQp+7C4nI0gsmExaedaYLNO44eT4AtBBwjbTiGPMlt2Md0T9H9JQ=="],

    "wrap-ansi": ["wrap-ansi@7.0.0", "", { "dependencies": { "ansi-styles": "^4.0.0", "string-width": "^4.1.0", "strip-ansi": "^6.0.0" } }, "sha512-YVGIj2kamLSTxw6NsZjoBxfSwsn0ycdesmc4p+Q21c5zPuZ1pl+NfxVdxPtdHvmNVOQ6XSYG4AUtyt/Fi7D16Q=="],

    "xml": ["xml@1.0.1", "", {}, "sha512-huCv9IH9Tcf95zuYCsQraZtWnJvBtLVE0QHMOs8bWyZAFZNDcYjsPq1nEx8jKA9y+Beo9v+7OBPRisQTjinQMw=="],

    "y18n": ["y18n@5.0.8", "", {}, "sha512-0pfFzegeDWJHJIAmTLRP2DwHjdF5s7jo9tuztdQxAhINCdvS+3nGINqPd00AphqJR/0LhANUS6/+7SCb98YOfA=="],

    "yargs": ["yargs@17.7.3", "", { "dependencies": { "cliui": "^8.0.1", "escalade": "^3.1.1", "get-caller-file": "^2.0.5", "require-directory": "^2.1.1", "string-width": "^4.2.3", "y18n": "^5.0.5", "yargs-parser": "^21.1.1" } }, "sha512-GZtjxm/J/4TSxuL3FNYjCmLktBTnIw/rVmKSIyKeYAZpmJB2ig9VauCC5xsa82GNKVKDAqpOn3KVzNt0zmrU0g=="],

    "yargs-parser": ["yargs-parser@21.1.1", "", {}, "sha512-tVpsJW7DdjecAiFpbIB1e3qxIQsE6NoPc5/eTdrbbIC4h0LVsWhnoa3g+m2HclBIujHzsxZ4VJVA+GUuc2/LBw=="],
  }
}
